
Microsoft Visual Studio Solution File, Format Version 12.00
# Visual Studio 2013
VisualStudioVersion = 12.0.21005.1
MinimumVisualStudioVersion = 10.0.40219.1
Project("{8BC9CEB8-8B4A-11D0-8D11-00A0C91BC942}") = "61.c", "61.c\61.c.vcxproj", "{C020D058-8C33-4353-898F-8A8833DC3DAA}"
EndProject
Global
	GlobalSection(SolutionConfigurationPlatforms) = preSolution
		Debug|Win32 = Debug|Win32
		Release|Win32 = Release|Win32
	EndGlobalSection
	GlobalSection(ProjectConfigurationPlatforms) = postSolution
		{C020D058-8C33-4353-898F-8A8833DC3DAA}.Debug|Win32.ActiveCfg = Debug|Win32
		{C020D058-8C33-4353-898F-8A8833DC3DAA}.Debug|Win32.Build.0 = Debug|Win32
		{C020D058-8C33-4353-898F-8A8833DC3DAA}.Release|Win32.ActiveCfg = Release|Win32
		{C020D058-8C33-4353-898F-8A8833DC3DAA}.Release|Win32.Build.0 = Release|Win32
	EndGlobalSection
	GlobalSection(SolutionProperties) = preSolution
		HideSolutionNode = FALSE
	EndGlobalSection
EndGlobal
